
Microsoft Visual Studio Solution File, Format Version 12.00
# Visual Studio Version 16
VisualStudioVersion = 16.0.30907.101
MinimumVisualStudioVersion = 10.0.40219.1
Project("{FAE04EC0-301F-11D3-BF4B-00C04F79EFBC}") = "WebApiDemo", "WebApiDemo\WebApiDemo.csproj", "{4C7F1268-872C-4734-A1C6-E1D5E4E1FAF0}"
EndProject
Project("{FAE04EC0-301F-11D3-BF4B-00C04F79EFBC}") = "OAuth2WebApiDemo", "OAuth2WebApiDemo\OAuth2WebApiDemo.csproj", "{C9FA9EC2-5AFE-4D17-A1E1-8A21A196A78F}"
EndProject
Global
	GlobalSection(SolutionConfigurationPlatforms) = preSolution
		Debug|Any CPU = Debug|Any CPU
		Release|Any CPU = Release|Any CPU
	EndGlobalSection
	GlobalSection(ProjectConfigurationPlatforms) = postSolution
		{4C7F1268-872C-4734-A1C6-E1D5E4E1FAF0}.Debug|Any CPU.ActiveCfg = Debug|Any CPU
		{4C7F1268-872C-4734-A1C6-E1D5E4E1FAF0}.Debug|Any CPU.Build.0 = Debug|Any CPU
		{4C7F1268-872C-4734-A1C6-E1D5E4E1FAF0}.Release|Any CPU.ActiveCfg = Release|Any CPU
		{4C7F1268-872C-4734-A1C6-E1D5E4E1FAF0}.Release|Any CPU.Build.0 = Release|Any CPU
		{C9FA9EC2-5AFE-4D17-A1E1-8A21A196A78F}.Debug|Any CPU.ActiveCfg = Debug|Any CPU
		{C9FA9EC2-5AFE-4D17-A1E1-8A21A196A78F}.Debug|Any CPU.Build.0 = Debug|Any CPU
		{C9FA9EC2-5AFE-4D17-A1E1-8A21A196A78F}.Release|Any CPU.ActiveCfg = Release|Any CPU
		{C9FA9EC2-5AFE-4D17-A1E1-8A21A196A78F}.Release|Any CPU.Build.0 = Release|Any CPU
	EndGlobalSection
	GlobalSection(SolutionProperties) = preSolution
		HideSolutionNode = FALSE
	EndGlobalSection
	GlobalSection(ExtensibilityGlobals) = postSolution
		SolutionGuid = {A5FD7122-AB10-477A-9755-BD3F948AA3B4}
	EndGlobalSection
EndGlobal
